# This file is automatically @generated by Cargo.
# It is not intended for manual editing.
[[package]]
name = "const-sha1"
version = "0.2.0"
source = "registry+https://github.com/rust-lang/crates.io-index"
checksum = "fb58b6451e8c2a812ad979ed1d83378caa5e927eef2622017a45f251457c2c9d"

[[package]]
name = "generic"
version = "0.1.0"
dependencies = [
 "const-sha1",
]
